
Microsoft Visual Studio Solution File, Format Version 12.00
# Visual Studio Version 17
VisualStudioVersion = 17.7.34018.315
MinimumVisualStudioVersion = 10.0.40219.1
Project("{9A19103F-16F7-4668-BE54-9A1E7A4F7556}") = "ProcDotNet", "ProcDotNet\ProcDotNet.csproj", "{DB2021C8-3AFD-4C4A-8573-66766055C2A9}"
EndProject
Project("{9A19103F-16F7-4668-BE54-9A1E7A4F7556}") = "ProcDotNetTester", "ProcDotNetTester\ProcDotNetTester.csproj", "{607D820E-DCFA-46BD-B4D5-CD33379DB660}"
EndProject
Project("{2150E333-8FDC-42A3-9474-1A3956D46DE8}") = "Solution Items", "Solution Items", "{F04304D9-81B8-4020-8F7D-D13B0A391B02}"
	ProjectSection(SolutionItems) = preProject
		.editorconfig = .editorconfig
	EndProjectSection
EndProject
Global
	GlobalSection(SolutionConfigurationPlatforms) = preSolution
		Debug|Any CPU = Debug|Any CPU
		Release|Any CPU = Release|Any CPU
	EndGlobalSection
	GlobalSection(ProjectConfigurationPlatforms) = postSolution
		{DB2021C8-3AFD-4C4A-8573-66766055C2A9}.Debug|Any CPU.ActiveCfg = Debug|Any CPU
		{DB2021C8-3AFD-4C4A-8573-66766055C2A9}.Debug|Any CPU.Build.0 = Debug|Any CPU
		{DB2021C8-3AFD-4C4A-8573-66766055C2A9}.Release|Any CPU.ActiveCfg = Release|Any CPU
		{DB2021C8-3AFD-4C4A-8573-66766055C2A9}.Release|Any CPU.Build.0 = Release|Any CPU
		{607D820E-DCFA-46BD-B4D5-CD33379DB660}.Debug|Any CPU.ActiveCfg = Debug|Any CPU
		{607D820E-DCFA-46BD-B4D5-CD33379DB660}.Debug|Any CPU.Build.0 = Debug|Any CPU
		{607D820E-DCFA-46BD-B4D5-CD33379DB660}.Release|Any CPU.ActiveCfg = Release|Any CPU
		{607D820E-DCFA-46BD-B4D5-CD33379DB660}.Release|Any CPU.Build.0 = Release|Any CPU
	EndGlobalSection
	GlobalSection(SolutionProperties) = preSolution
		HideSolutionNode = FALSE
	EndGlobalSection
	GlobalSection(ExtensibilityGlobals) = postSolution
		SolutionGuid = {A4D1CC00-B524-453F-93B6-D8A6E199683A}
	EndGlobalSection
EndGlobal
